
Microsoft Visual Studio Solution File, Format Version 11.00
# Visual Studio 2010
Project("{8BC9CEB8-8B4A-11D0-8D11-00A0C91BC942}") = "scanf_test", "scanf_test\scanf_test.vcxproj", "{7B803530-1A45-4E43-B842-27B2D00F732B}"
EndProject
Global
	GlobalSection(SolutionConfigurationPlatforms) = preSolution
		Debug|Win32 = Debug|Win32
		Release|Win32 = Release|Win32
	EndGlobalSection
	GlobalSection(ProjectConfigurationPlatforms) = postSolution
		{7B803530-1A45-4E43-B842-27B2D00F732B}.Debug|Win32.ActiveCfg = Debug|Win32
		{7B803530-1A45-4E43-B842-27B2D00F732B}.Debug|Win32.Build.0 = Debug|Win32
		{7B803530-1A45-4E43-B842-27B2D00F732B}.Release|Win32.ActiveCfg = Release|Win32
		{7B803530-1A45-4E43-B842-27B2D00F732B}.Release|Win32.Build.0 = Release|Win32
	EndGlobalSection
	GlobalSection(SolutionProperties) = preSolution
		HideSolutionNode = FALSE
	EndGlobalSection
EndGlobal
